
Microsoft Visual Studio Solution File, Format Version 12.00
# Visual Studio 15
VisualStudioVersion = 15.0.28307.539
MinimumVisualStudioVersion = 10.0.40219.1
Project("{F184B08F-C81C-45F6-A57F-5ABD9991F28F}") = "Sapphires ElvUI Manager", "Sapphires ElvUI Manager\Sapphires ElvUI Manager.vbproj", "{394B60C3-8123-44AF-9443-FFF292F03656}"
EndProject
Global
	GlobalSection(SolutionConfigurationPlatforms) = preSolution
		Debug|Any CPU = Debug|Any CPU
		Release|Any CPU = Release|Any CPU
	EndGlobalSection
	GlobalSection(ProjectConfigurationPlatforms) = postSolution
		{394B60C3-8123-44AF-9443-FFF292F03656}.Debug|Any CPU.ActiveCfg = Debug|Any CPU
		{394B60C3-8123-44AF-9443-FFF292F03656}.Debug|Any CPU.Build.0 = Debug|Any CPU
		{394B60C3-8123-44AF-9443-FFF292F03656}.Release|Any CPU.ActiveCfg = Release|Any CPU
		{394B60C3-8123-44AF-9443-FFF292F03656}.Release|Any CPU.Build.0 = Release|Any CPU
	EndGlobalSection
	GlobalSection(SolutionProperties) = preSolution
		HideSolutionNode = FALSE
	EndGlobalSection
	GlobalSection(ExtensibilityGlobals) = postSolution
		SolutionGuid = {14FBD789-A9E8-4F56-AB35-63BB78061249}
	EndGlobalSection
EndGlobal
